
Microsoft Visual Studio Solution File, Format Version 12.00
# Visual Studio Version 17
VisualStudioVersion = 17.4.33110.190
MinimumVisualStudioVersion = 10.0.40219.1
Project("{FAE04EC0-301F-11D3-BF4B-00C04F79EFBC}") = "Live-File-Organizer", "Live-File-Organizer\Live-File-Organizer.csproj", "{22E9B2DB-B34C-4533-92AF-D15E6E11B1AB}"
EndProject
Global
	GlobalSection(SolutionConfigurationPlatforms) = preSolution
		Debug|Any CPU = Debug|Any CPU
		Release|Any CPU = Release|Any CPU
	EndGlobalSection
	GlobalSection(ProjectConfigurationPlatforms) = postSolution
		{22E9B2DB-B34C-4533-92AF-D15E6E11B1AB}.Debug|Any CPU.ActiveCfg = Debug|Any CPU
		{22E9B2DB-B34C-4533-92AF-D15E6E11B1AB}.Debug|Any CPU.Build.0 = Debug|Any CPU
		{22E9B2DB-B34C-4533-92AF-D15E6E11B1AB}.Release|Any CPU.ActiveCfg = Release|Any CPU
		{22E9B2DB-B34C-4533-92AF-D15E6E11B1AB}.Release|Any CPU.Build.0 = Release|Any CPU
	EndGlobalSection
	GlobalSection(SolutionProperties) = preSolution
		HideSolutionNode = FALSE
	EndGlobalSection
	GlobalSection(ExtensibilityGlobals) = postSolution
		SolutionGuid = {1C9139D4-7CA3-4ADC-9F05-3A89966C30E0}
	EndGlobalSection
EndGlobal
